// !$*UTF8*$!
{
	archiveVersion = 1;
	classes = {
	};
	objectVersion = 56;
	objects = {

/* Begin PBXBuildFile section */
		A11A41CE2A001F2D00E7675B /* AppDelegate.swift in Sources */ = {isa = PBXBuildFile; fileRef = A11A41CD2A001F2D00E7675B /* AppDelegate.swift */; };
		A11A41D02A001F2D00E7675B /* SceneDelegate.swift in Sources */ = {isa = PBXBuildFile; fileRef = A11A41CF2A001F2D00E7675B /* SceneDelegate.swift */; };
		A11A41D22A001F2D00E7675B /* ViewController.swift in Sources */ = {isa = PBXBuildFile; fileRef = A11A41D12A001F2D00E7675B /* ViewController.swift */; };
		A11A41D52A001F2D00E7675B /* Main.storyboard in Resources */ = {isa = PBXBuildFile; fileRef = A11A41D32A001F2D00E7675B /* Main.storyboard */; };
		A11A41D82A001F2D00E7675B /* my_art_book.xcdatamodeld in Sources */ = {isa = PBXBuildFile; fileRef = A11A41D62A001F2D00E7675B /* my_art_book.xcdatamodeld */; };
		A11A41DA2A001F3000E7675B /* Assets.xcassets in Resources */ = {isa = PBXBuildFile; fileRef = A11A41D92A001F3000E7675B /* Assets.xcassets */; };
		A11A41DD2A001F3000E7675B /* LaunchScreen.storyboard in Resources */ = {isa = PBXBuildFile; fileRef = A11A41DB2A001F3000E7675B /* LaunchScreen.storyboard */; };
		A11A41E52A01137D00E7675B /* DetailsVC.swift in Sources */ = {isa = PBXBuildFile; fileRef = A11A41E42A01137D00E7675B /* DetailsVC.swift */; };
		A1AEBEDC2A03A96500EA8D2B /* select.png in Resources */ = {isa = PBXBuildFile; fileRef = A1AEBEDB2A03A96500EA8D2B /* select.png */; };
/* End PBXBuildFile section */

/* Begin PBXFileReference section */
		A11A41CA2A001F2D00E7675B /* my-art-book.app */ = {isa = PBXFileReference; explicitFileType = wrapper.application; includeInIndex = 0; path = "my-art-book.app"; sourceTree = BUILT_PRODUCTS_DIR; };
		A11A41CD2A001F2D00E7675B /* AppDelegate.swift */ = {isa = PBXFileReference; lastKnownFileType = sourcecode.swift; path = AppDelegate.swift; sourceTree = "<group>"; };
		A11A41CF2A001F2D00E7675B /* SceneDelegate.swift */ = {isa = PBXFileReference; lastKnownFileType = sourcecode.swift; path = SceneDelegate.swift; sourceTree = "<group>"; };
		A11A41D12A001F2D00E7675B /* ViewController.swift */ = {isa = PBXFileReference; lastKnownFileType = sourcecode.swift; path = ViewController.swift; sourceTree = "<group>"; };
		A11A41D42A001F2D00E7675B /* Base */ = {isa = PBXFileReference; lastKnownFileType = file.storyboard; name = Base; path = Base.lproj/Main.storyboard; sourceTree = "<group>"; };
		A11A41D72A001F2D00E7675B /* my_art_book.xcdatamodel */ = {isa = PBXFileReference; lastKnownFileType = wrapper.xcdatamodel; path = my_art_book.xcdatamodel; sourceTree = "<group>"; };
		A11A41D92A001F3000E7675B /* Assets.xcassets */ = {isa = PBXFileReference; lastKnownFileType = folder.assetcatalog; path = Assets.xcassets; sourceTree = "<group>"; };
		A11A41DC2A001F3000E7675B /* Base */ = {isa = PBXFileReference; lastKnownFileType = file.storyboard; name = Base; path = Base.lproj/LaunchScreen.storyboard; sourceTree = "<group>"; };
		A11A41DE2A001F3000E7675B /* Info.plist */ = {isa = PBXFileReference; lastKnownFileType = text.plist.xml; path = Info.plist; sourceTree = "<group>"; };
		A11A41E42A01137D00E7675B /* DetailsVC.swift */ = {isa = PBXFileReference; lastKnownFileType = sourcecode.swift; path = DetailsVC.swift; sourceTree = "<group>"; };
		A1AEBEDB2A03A96500EA8D2B /* select.png */ = {isa = PBXFileReference; lastKnownFileType = image.png; path = select.png; sourceTree = "<group>"; };
/* End PBXFileReference section */

/* Begin PBXFrameworksBuildPhase section */
		A11A41C72A001F2D00E7675B /* Frameworks */ = {
			isa = PBXFrameworksBuildPhase;
			buildActionMask = 2147483647;
			files = (
			);
			runOnlyForDeploymentPostprocessing = 0;
		};
/* End PBXFrameworksBuildPhase section */

/* Begin PBXGroup section */
		A11A41C12A001F2D00E7675B = {
			isa = PBXGroup;
			children = (
				A11A41CC2A001F2D00E7675B /* my-art-book */,
				A11A41CB2A001F2D00E7675B /* Products */,
			);
			sourceTree = "<group>";
		};
		A11A41CB2A001F2D00E7675B /* Products */ = {
			isa = PBXGroup;
			children = (
				A11A41CA2A001F2D00E7675B /* my-art-book.app */,
			);
			name = Products;
			sourceTree = "<group>";
		};
		A11A41CC2A001F2D00E7675B /* my-art-book */ = {
			isa = PBXGroup;
			children = (
				A1AEBEDB2A03A96500EA8D2B /* select.png */,
				A11A41CD2A001F2D00E7675B /* AppDelegate.swift */,
				A11A41CF2A001F2D00E7675B /* SceneDelegate.swift */,
				A11A41D12A001F2D00E7675B /* ViewController.swift */,
				A11A41D32A001F2D00E7675B /* Main.storyboard */,
				A11A41E42A01137D00E7675B /* DetailsVC.swift */,
				A11A41D92A001F3000E7675B /* Assets.xcassets */,
				A11A41DB2A001F3000E7675B /* LaunchScreen.storyboard */,
				A11A41DE2A001F3000E7675B /* Info.plist */,
				A11A41D62A001F2D00E7675B /* my_art_book.xcdatamodeld */,
			);
			path = "my-art-book";
			sourceTree = "<group>";
		};
/* End PBXGroup section */

/* Begin PBXNativeTarget section */
		A11A41C92A001F2D00E7675B /* my-art-book */ = {
			isa = PBXNativeTarget;
			buildConfigurationList = A11A41E12A001F3000E7675B /* Build configuration list for PBXNativeTarget "my-art-book" */;
			buildPhases = (
				A11A41C62A001F2D00E7675B /* Sources */,
				A11A41C72A001F2D00E7675B /* Frameworks */,
				A11A41C82A001F2D00E7675B /* Resources */,
			);
			buildRules = (
			);
			dependencies = (
			);
			name = "my-art-book";
			productName = "my-art-book";
			productReference = A11A41CA2A001F2D00E7675B /* my-art-book.app */;
			productType = "com.apple.product-type.application";
		};
/* End PBXNativeTarget section */

/* Begin PBXProject section */
		A11A41C22A001F2D00E7675B /* Project object */ = {
			isa = PBXProject;
			attributes = {
				BuildIndependentTargetsInParallel = 1;
				LastSwiftUpdateCheck = 1430;
				LastUpgradeCheck = 1430;
				TargetAttributes = {
					A11A41C92A001F2D00E7675B = {
						CreatedOnToolsVersion = 14.3;
					};
				};
			};
			buildConfigurationList = A11A41C52A001F2D00E7675B /* Build configuration list for PBXProject "my-art-book" */;
			compatibilityVersion = "Xcode 14.0";
			developmentRegion = en;
			hasScannedForEncodings = 0;
			knownRegions = (
				en,
				Base,
			);
			mainGroup = A11A41C12A001F2D00E7675B;
			productRefGroup = A11A41CB2A001F2D00E7675B /* Products */;
			projectDirPath = "";
			projectRoot = "";
			targets = (
				A11A41C92A001F2D00E7675B /* my-art-book */,
			);
		};
/* End PBXProject section */

/* Begin PBXResourcesBuildPhase section */
		A11A41C82A001F2D00E7675B /* Resources */ = {
			isa = PBXResourcesBuildPhase;
			buildActionMask = 2147483647;
			files = (
				A11A41DD2A001F3000E7675B /* LaunchScreen.storyboard in Resources */,
				A1AEBEDC2A03A96500EA8D2B /* select.png in Resources */,
				A11A41DA2A001F3000E7675B /* Assets.xcassets in Resources */,
				A11A41D52A001F2D00E7675B /* Main.storyboard in Resources */,
			);
			runOnlyForDeploymentPostprocessing = 0;
		};
/* End PBXResourcesBuildPhase section */

/* Begin PBXSourcesBuildPhase section */
		A11A41C62A001F2D00E7675B /* Sources */ = {
			isa = PBXSourcesBuildPhase;
			buildActionMask = 2147483647;
			files = (
				A11A41D22A001F2D00E7675B /* ViewController.swift in Sources */,
				A11A41CE2A001F2D00E7675B /* AppDelegate.swift in Sources */,
				A11A41D82A001F2D00E7675B /* my_art_book.xcdatamodeld in Sources */,
				A11A41D02A001F2D00E7675B /* SceneDelegate.swift in Sources */,
				A11A41E52A01137D00E7675B /* DetailsVC.swift in Sources */,
			);
			runOnlyForDeploymentPostprocessing = 0;
		};
/* End PBXSourcesBuildPhase section */

/* Begin PBXVariantGroup section */
		A11A41D32A001F2D00E7675B /* Main.storyboard */ = {
			isa = PBXVariantGroup;
			children = (
				A11A41D42A001F2D00E7675B /* Base */,
			);
			name = Main.storyboard;
			sourceTree = "<group>";
		};
		A11A41DB2A001F3000E7675B /* LaunchScreen.storyboard */ = {
			isa = PBXVariantGroup;
			children = (
				A11A41DC2A001F3000E7675B /* Base */,
			);
			name = LaunchScreen.storyboard;
			sourceTree = "<group>";
		};
/* End PBXVariantGroup section */

/* Begin XCBuildConfiguration section */
		A11A41DF2A001F3000E7675B /* Debug */ = {
			isa = XCBuildConfiguration;
			buildSettings = {
				ALWAYS_SEARCH_USER_PATHS = NO;
				CLANG_ANALYZER_NONNULL = YES;
				CLANG_ANALYZER_NUMBER_OBJECT_CONVERSION = YES_AGGRESSIVE;
				CLANG_CXX_LANGUAGE_STANDARD = "gnu++20";
				CLANG_ENABLE_MODULES = YES;
				CLANG_ENABLE_OBJC_ARC = YES;
				CLANG_ENABLE_OBJC_WEAK = YES;
				CLANG_WARN_BLOCK_CAPTURE_AUTORELEASING = YES;
				CLANG_WARN_BOOL_CONVERSION = YES;
				CLANG_WARN_COMMA = YES;
				CLANG_WARN_CONSTANT_CONVERSION = YES;
				CLANG_WARN_DEPRECATED_OBJC_IMPLEMENTATIONS = YES;
				CLANG_WARN_DIRECT_OBJC_ISA_USAGE = YES_ERROR;
				CLANG_WARN_DOCUMENTATION_COMMENTS = YES;
				CLANG_WARN_EMPTY_BODY = YES;
				CLANG_WARN_ENUM_CONVERSION = YES;
				CLANG_WARN_INFINITE_RECURSION = YES;
				CLANG_WARN_INT_CONVERSION = YES;
				CLANG_WARN_NON_LITERAL_NULL_CONVERSION = YES;
				CLANG_WARN_OBJC_IMPLICIT_RETAIN_SELF = YES;
				CLANG_WARN_OBJC_LITERAL_CONVERSION = YES;
				CLANG_WARN_OBJC_ROOT_CLASS = YES_ERROR;
				CLANG_WARN_QUOTED_INCLUDE_IN_FRAMEWORK_HEADER = YES;
				CLANG_WARN_RANGE_LOOP_ANALYSIS = YES;
				CLANG_WARN_STRICT_PROTOTYPES = YES;
				CLANG_WARN_SUSPICIOUS_MOVE = YES;
				CLANG_WARN_UNGUARDED_AVAILABILITY = YES_AGGRESSIVE;
				CLANG_WARN_UNREACHABLE_CODE = YES;
				CLANG_WARN__DUPLICATE_METHOD_MATCH = YES;
				COPY_PHASE_STRIP = NO;
				DEBUG_INFORMATION_FORMAT = dwarf;
				ENABLE_STRICT_OBJC_MSGSEND = YES;
				ENABLE_TESTABILITY = YES;
				GCC_C_LANGUAGE_STANDARD = gnu11;
				GCC_DYNAMIC_NO_PIC = NO;
				GCC_NO_COMMON_BLOCKS = YES;
				GCC_OPTIMIZATION_LEVEL = 0;
				GCC_PREPROCESSOR_DEFINITIONS = (
					"DEBUG=1",
					"$(inherited)",
				);
				GCC_WARN_64_TO_32_BIT_CONVERSION = YES;
				GCC_WARN_ABOUT_RETURN_TYPE = YES_ERROR;
				GCC_WARN_UNDECLARED_SELECTOR = YES;
				GCC_WARN_UNINITIALIZED_AUTOS = YES_AGGRESSIVE;
				GCC_WARN_UNUSED_FUNCTION = YES;
				GCC_WARN_UNUSED_VARIABLE = YES;
				IPHONEOS_DEPLOYMENT_TARGET = 16.4;
				MTL_ENABLE_DEBUG_INFO = INCLUDE_SOURCE;
				MTL_FAST_MATH = YES;
				ONLY_ACTIVE_ARCH = YES;
				SDKROOT = iphoneos;
				SWIFT_ACTIVE_COMPILATION_CONDITIONS = DEBUG;
				SWIFT_OPTIMIZATION_LEVEL = "-Onone";
			};
			name = Debug;
		};
		A11A41E02A001F3000E7675B /* Release */ = {
			isa = XCBuildConfiguration;
			buildSettings = {
				ALWAYS_SEARCH_USER_PATHS = NO;
				CLANG_ANALYZER_NONNULL = YES;
				CLANG_ANALYZER_NUMBER_OBJECT_CONVERSION = YES_AGGRESSIVE;
				CLANG_CXX_LANGUAGE_STANDARD = "gnu++20";
				CLANG_ENABLE_MODULES = YES;
				CLANG_ENABLE_OBJC_ARC = YES;
				CLANG_ENABLE_OBJC_WEAK = YES;
				CLANG_WARN_BLOCK_CAPTURE_AUTORELEASING = YES;
				CLANG_WARN_BOOL_CONVERSION = YES;
				CLANG_WARN_COMMA = YES;
				CLANG_WARN_CONSTANT_CONVERSION = YES;
				CLANG_WARN_DEPRECATED_OBJC_IMPLEMENTATIONS = YES;
				CLANG_WARN_DIRECT_OBJC_ISA_USAGE = YES_ERROR;
				CLANG_WARN_DOCUMENTATION_COMMENTS = YES;
				CLANG_WARN_EMPTY_BODY = YES;
				CLANG_WARN_ENUM_CONVERSION = YES;
				CLANG_WARN_INFINITE_RECURSION = YES;
				CLANG_WARN_INT_CONVERSION = YES;
				CLANG_WARN_NON_LITERAL_NULL_CONVERSION = YES;
				CLANG_WARN_OBJC_IMPLICIT_RETAIN_SELF = YES;
				CLANG_WARN_OBJC_LITERAL_CONVERSION = YES;
				CLANG_WARN_OBJC_ROOT_CLASS = YES_ERROR;
				CLANG_WARN_QUOTED_INCLUDE_IN_FRAMEWORK_HEADER = YES;
				CLANG_WARN_RANGE_LOOP_ANALYSIS = YES;
				CLANG_WARN_STRICT_PROTOTYPES = YES;
				CLANG_WARN_SUSPICIOUS_MOVE = YES;
				CLANG_WARN_UNGUARDED_AVAILABILITY = YES_AGGRESSIVE;
				CLANG_WARN_UNREACHABLE_CODE = YES;
				CLANG_WARN__DUPLICATE_METHOD_MATCH = YES;
				COPY_PHASE_STRIP = NO;
				DEBUG_INFORMATION_FORMAT = "dwarf-with-dsym";
				ENABLE_NS_ASSERTIONS = NO;
				ENABLE_STRICT_OBJC_MSGSEND = YES;
				GCC_C_LANGUAGE_STANDARD = gnu11;
				GCC_NO_COMMON_BLOCKS = YES;
				GCC_WARN_64_TO_32_BIT_CONVERSION = YES;
				GCC_WARN_ABOUT_RETURN_TYPE = YES_ERROR;
				GCC_WARN_UNDECLARED_SELECTOR = YES;
				GCC_WARN_UNINITIALIZED_AUTOS = YES_AGGRESSIVE;
				GCC_WARN_UNUSED_FUNCTION = YES;
				GCC_WARN_UNUSED_VARIABLE = YES;
				IPHONEOS_DEPLOYMENT_TARGET = 16.4;
				MTL_ENABLE_DEBUG_INFO = NO;
				MTL_FAST_MATH = YES;
				SDKROOT = iphoneos;
				SWIFT_COMPILATION_MODE = wholemodule;
				SWIFT_OPTIMIZATION_LEVEL = "-O";
				VALIDATE_PRODUCT = YES;
			};
			name = Release;
		};
		A11A41E22A001F3000E7675B /* Debug */ = {
			isa = XCBuildConfiguration;
			buildSettings = {
				ASSETCATALOG_COMPILER_APPICON_NAME = AppIcon;
				ASSETCATALOG_COMPILER_GLOBAL_ACCENT_COLOR_NAME = AccentColor;
				CODE_SIGN_STYLE = Automatic;
				CURRENT_PROJECT_VERSION = 1;
				GENERATE_INFOPLIST_FILE = YES;
				INFOPLIST_FILE = "my-art-book/Info.plist";
				INFOPLIST_KEY_UIApplicationSupportsIndirectInputEvents = YES;
				INFOPLIST_KEY_UILaunchStoryboardName = LaunchScreen;
				INFOPLIST_KEY_UIMainStoryboardFile = Main;
				INFOPLIST_KEY_UISupportedInterfaceOrientations_iPad = "UIInterfaceOrientationPortrait UIInterfaceOrientationPortraitUpsideDown UIInterfaceOrientationLandscapeLeft UIInterfaceOrientationLandscapeRight";
				INFOPLIST_KEY_UISupportedInterfaceOrientations_iPhone = "UIInterfaceOrientationPortrait UIInterfaceOrientationLandscapeLeft UIInterfaceOrientationLandscapeRight";
				LD_RUNPATH_SEARCH_PATHS = (
					"$(inherited)",
					"@executable_path/Frameworks",
				);
				MARKETING_VERSION = 1.0;
				PRODUCT_BUNDLE_IDENTIFIER = "com.example.apple-samplecode.my-art-book";
				PRODUCT_NAME = "$(TARGET_NAME)";
				SWIFT_EMIT_LOC_STRINGS = YES;
				SWIFT_VERSION = 5.0;
				TARGETED_DEVICE_FAMILY = "1,2";
			};
			name = Debug;
		};
		A11A41E32A001F3000E7675B /* Release */ = {
			isa = XCBuildConfiguration;
			buildSettings = {
				ASSETCATALOG_COMPILER_APPICON_NAME = AppIcon;
				ASSETCATALOG_COMPILER_GLOBAL_ACCENT_COLOR_NAME = AccentColor;
				CODE_SIGN_STYLE = Automatic;
				CURRENT_PROJECT_VERSION = 1;
				GENERATE_INFOPLIST_FILE = YES;
				INFOPLIST_FILE = "my-art-book/Info.plist";
				INFOPLIST_KEY_UIApplicationSupportsIndirectInputEvents = YES;
				INFOPLIST_KEY_UILaunchStoryboardName = LaunchScreen;
				INFOPLIST_KEY_UIMainStoryboardFile = Main;
				INFOPLIST_KEY_UISupportedInterfaceOrientations_iPad = "UIInterfaceOrientationPortrait UIInterfaceOrientationPortraitUpsideDown UIInterfaceOrientationLandscapeLeft UIInterfaceOrientationLandscapeRight";
				INFOPLIST_KEY_UISupportedInterfaceOrientations_iPhone = "UIInterfaceOrientationPortrait UIInterfaceOrientationLandscapeLeft UIInterfaceOrientationLandscapeRight";
				LD_RUNPATH_SEARCH_PATHS = (
					"$(inherited)",
					"@executable_path/Frameworks",
				);
				MARKETING_VERSION = 1.0;
				PRODUCT_BUNDLE_IDENTIFIER = "com.example.apple-samplecode.my-art-book";
				PRODUCT_NAME = "$(TARGET_NAME)";
				SWIFT_EMIT_LOC_STRINGS = YES;
				SWIFT_VERSION = 5.0;
				TARGETED_DEVICE_FAMILY = "1,2";
			};
			name = Release;
		};
/* End XCBuildConfiguration section */

/* Begin XCConfigurationList section */
		A11A41C52A001F2D00E7675B /* Build configuration list for PBXProject "my-art-book" */ = {
			isa = XCConfigurationList;
			buildConfigurations = (
				A11A41DF2A001F3000E7675B /* Debug */,
				A11A41E02A001F3000E7675B /* Release */,
			);
			defaultConfigurationIsVisible = 0;
			defaultConfigurationName = Release;
		};
		A11A41E12A001F3000E7675B /* Build configuration list for PBXNativeTarget "my-art-book" */ = {
			isa = XCConfigurationList;
			buildConfigurations = (
				A11A41E22A001F3000E7675B /* Debug */,
				A11A41E32A001F3000E7675B /* Release */,
			);
			defaultConfigurationIsVisible = 0;
			defaultConfigurationName = Release;
		};
/* End XCConfigurationList section */

/* Begin XCVersionGroup section */
		A11A41D62A001F2D00E7675B /* my_art_book.xcdatamodeld */ = {
			isa = XCVersionGroup;
			children = (
				A11A41D72A001F2D00E7675B /* my_art_book.xcdatamodel */,
			);
			currentVersion = A11A41D72A001F2D00E7675B /* my_art_book.xcdatamodel */;
			path = my_art_book.xcdatamodeld;
			sourceTree = "<group>";
			versionGroupType = wrapper.xcdatamodel;
		};
/* End XCVersionGroup section */
	};
	rootObject = A11A41C22A001F2D00E7675B /* Project object */;
}
